<?xml version="1.0" encoding="utf-8"?>
<Project ToolsVersion="4.0" xmlns="http://schemas.microsoft.com/developer/msbuild/2003">
  <ItemGroup>
    <Filter Include="win32">
      <UniqueIdentifier>{84a8ebd7-7cf0-47f6-b75e-d441df67da40}</UniqueIdentifier>
    </Filter>
    <Filter Include="Classes">
      <UniqueIdentifier>{bb6c862e-70e9-49d9-81b7-3829a6f50471}</UniqueIdentifier>
    </Filter>
    <Filter Include="DragonBones">
      <UniqueIdentifier>{cdf11dd9-e2f6-48a3-933e-eddd59010273}</UniqueIdentifier>
    </Filter>
    <Filter Include="DragonBones\renderer">
      <UniqueIdentifier>{91cdf648-2c1b-404e-b343-925edccf7509}</UniqueIdentifier>
    </Filter>
    <Filter Include="Classes\example">
      <UniqueIdentifier>{0af070ff-b611-4191-bb0d-f9eec34de03a}</UniqueIdentifier>
    </Filter>
    <Filter Include="DragonBones\animation">
      <UniqueIdentifier>{6bc7572f-f5f2-40ed-b9d3-0c6f8f15552b}</UniqueIdentifier>
    </Filter>
    <Filter Include="DragonBones\core">
      <UniqueIdentifier>{95c43e59-a723-4227-880a-30ebb19f0c49}</UniqueIdentifier>
    </Filter>
    <Filter Include="DragonBones\display">
      <UniqueIdentifier>{bf55af68-62ab-41c2-b5b1-5f5283122e3b}</UniqueIdentifier>
    </Filter>
    <Filter Include="DragonBones\events">
      <UniqueIdentifier>{9a1e0722-9e7e-45b6-92eb-3b0412f18a7e}</UniqueIdentifier>
    </Filter>
    <Filter Include="DragonBones\factorys">
      <UniqueIdentifier>{d1beea89-c189-4eb9-86cb-32e36ce2ad58}</UniqueIdentifier>
    </Filter>
    <Filter Include="DragonBones\objects">
      <UniqueIdentifier>{b4b78037-7ade-44be-9084-21743969a0e0}</UniqueIdentifier>
    </Filter>
    <Filter Include="DragonBones\textures">
      <UniqueIdentifier>{8cedf8dd-1a01-464e-8a00-9852978c8200}</UniqueIdentifier>
    </Filter>
    <Filter Include="DragonBones\utils">
      <UniqueIdentifier>{19357c2b-b8a2-4a84-8fff-f358e1095726}</UniqueIdentifier>
    </Filter>
  </ItemGroup>
  <ItemGroup>
    <ClCompile Include="main.cpp">
      <Filter>win32</Filter>
    </ClCompile>
    <ClCompile Include="..\Classes\AppDelegate.cpp">
      <Filter>Classes</Filter>
    </ClCompile>
    <ClCompile Include="..\..\..\renderer\cocos2d-x-2.x\CCDragonBones.cpp">
      <Filter>DragonBones\renderer</Filter>
    </ClCompile>
    <ClCompile Include="..\..\..\renderer\cocos2d-x-2.x\Cocos2dxAtlasNode.cpp">
      <Filter>DragonBones\renderer</Filter>
    </ClCompile>
    <ClCompile Include="..\..\..\renderer\cocos2d-x-2.x\Cocos2dxDisplayBridge.cpp">
      <Filter>DragonBones\renderer</Filter>
    </ClCompile>
    <ClCompile Include="..\..\..\renderer\cocos2d-x-2.x\Cocos2dxFactory.cpp">
      <Filter>DragonBones\renderer</Filter>
    </ClCompile>
    <ClCompile Include="..\..\..\renderer\cocos2d-x-2.x\Cocos2dxTextureAtlas.cpp">
      <Filter>DragonBones\renderer</Filter>
    </ClCompile>
    <ClCompile Include="..\Classes\VisibleRect.cpp">
      <Filter>Classes</Filter>
    </ClCompile>
    <ClCompile Include="..\Classes\example\DragonDemoEntry.cpp">
      <Filter>Classes\example</Filter>
    </ClCompile>
    <ClCompile Include="..\Classes\example\DragonBonesDemo.cpp">
      <Filter>Classes\example</Filter>
    </ClCompile>
    <ClCompile Include="..\Classes\example\DragonSwitchClothes.cpp">
      <Filter>Classes\example</Filter>
    </ClCompile>
    <ClCompile Include="..\Classes\example\DragonChaseStarling.cpp">
      <Filter>Classes\example</Filter>
    </ClCompile>
    <ClCompile Include="..\..\..\dragonbones\animation\Animation.cpp">
      <Filter>DragonBones\animation</Filter>
    </ClCompile>
    <ClCompile Include="..\..\..\dragonbones\animation\AnimationState.cpp">
      <Filter>DragonBones\animation</Filter>
    </ClCompile>
    <ClCompile Include="..\..\..\dragonbones\animation\TimelineState.cpp">
      <Filter>DragonBones\animation</Filter>
    </ClCompile>
    <ClCompile Include="..\..\..\dragonbones\core\DBObject.cpp">
      <Filter>DragonBones\core</Filter>
    </ClCompile>
    <ClCompile Include="..\..\..\dragonbones\core\DragonBones.cpp">
      <Filter>DragonBones\core</Filter>
    </ClCompile>
    <ClCompile Include="..\..\..\dragonbones\events\AnimationEvent.cpp">
      <Filter>DragonBones\events</Filter>
    </ClCompile>
    <ClCompile Include="..\..\..\dragonbones\events\ArmatureEvent.cpp">
      <Filter>DragonBones\events</Filter>
    </ClCompile>
    <ClCompile Include="..\..\..\dragonbones\events\Event.cpp">
      <Filter>DragonBones\events</Filter>
    </ClCompile>
    <ClCompile Include="..\..\..\dragonbones\events\FrameEvent.cpp">
      <Filter>DragonBones\events</Filter>
    </ClCompile>
    <ClCompile Include="..\..\..\dragonbones\events\SoundEvent.cpp">
      <Filter>DragonBones\events</Filter>
    </ClCompile>
    <ClCompile Include="..\..\..\dragonbones\events\SoundEventManager.cpp">
      <Filter>DragonBones\events</Filter>
    </ClCompile>
    <ClCompile Include="..\..\..\dragonbones\factorys\BaseFactory.cpp">
      <Filter>DragonBones\factorys</Filter>
    </ClCompile>
    <ClCompile Include="..\..\..\dragonbones\objects\dbtinyxml2.cpp">
      <Filter>DragonBones\objects</Filter>
    </ClCompile>
    <ClCompile Include="..\..\..\dragonbones\objects\DisplayData.cpp">
      <Filter>DragonBones\objects</Filter>
    </ClCompile>
    <ClCompile Include="..\..\..\dragonbones\objects\TransformTimeline.cpp">
      <Filter>DragonBones\objects</Filter>
    </ClCompile>
    <ClCompile Include="..\..\..\dragonbones\objects\XMLDataParser.cpp">
      <Filter>DragonBones\objects</Filter>
    </ClCompile>
    <ClCompile Include="..\..\..\dragonbones\utils\BytesType.cpp">
      <Filter>DragonBones\utils</Filter>
    </ClCompile>
    <ClCompile Include="..\..\..\dragonbones\utils\ConstValues.cpp">
      <Filter>DragonBones\utils</Filter>
    </ClCompile>
    <ClCompile Include="..\..\..\dragonbones\utils\DBDataUtil.cpp">
      <Filter>DragonBones\utils</Filter>
    </ClCompile>
    <ClCompile Include="..\..\..\dragonbones\utils\Matrix.cpp">
      <Filter>DragonBones\utils</Filter>
    </ClCompile>
    <ClCompile Include="..\..\..\dragonbones\utils\TransformUtil.cpp">
      <Filter>DragonBones\utils</Filter>
    </ClCompile>
    <ClCompile Include="..\..\..\dragonbones\Armature.cpp">
      <Filter>DragonBones</Filter>
    </ClCompile>
    <ClCompile Include="..\..\..\dragonbones\Bone.cpp">
      <Filter>DragonBones</Filter>
    </ClCompile>
    <ClCompile Include="..\..\..\dragonbones\Slot.cpp">
      <Filter>DragonBones</Filter>
    </ClCompile>
  </ItemGroup>
  <ItemGroup>
    <ClInclude Include="main.h">
      <Filter>win32</Filter>
    </ClInclude>
    <ClInclude Include="..\Classes\AppDelegate.h">
      <Filter>Classes</Filter>
    </ClInclude>
    <ClInclude Include="..\..\..\renderer\cocos2d-x-2.x\CCDragonBones.h">
      <Filter>DragonBones\renderer</Filter>
    </ClInclude>
    <ClInclude Include="..\..\..\renderer\cocos2d-x-2.x\Cocos2dxAtlasNode.h">
      <Filter>DragonBones\renderer</Filter>
    </ClInclude>
    <ClInclude Include="..\..\..\renderer\cocos2d-x-2.x\Cocos2dxDisplayBridge.h">
      <Filter>DragonBones\renderer</Filter>
    </ClInclude>
    <ClInclude Include="..\..\..\renderer\cocos2d-x-2.x\Cocos2dxFactory.h">
      <Filter>DragonBones\renderer</Filter>
    </ClInclude>
    <ClInclude Include="..\..\..\renderer\cocos2d-x-2.x\Cocos2dxTextureAtlas.h">
      <Filter>DragonBones\renderer</Filter>
    </ClInclude>
    <ClInclude Include="..\Classes\VisibleRect.h">
      <Filter>Classes</Filter>
    </ClInclude>
    <ClInclude Include="..\Classes\example\DragonDemoEntry.h">
      <Filter>Classes\example</Filter>
    </ClInclude>
    <ClInclude Include="..\Classes\example\DragonBonesDemo.h">
      <Filter>Classes\example</Filter>
    </ClInclude>
    <ClInclude Include="..\Classes\example\DragonSwitchClothes.h">
      <Filter>Classes\example</Filter>
    </ClInclude>
    <ClInclude Include="..\Classes\example\DragonChaseStarling.h">
      <Filter>Classes\example</Filter>
    </ClInclude>
    <ClInclude Include="..\..\..\dragonbones\animation\Animation.h">
      <Filter>DragonBones\animation</Filter>
    </ClInclude>
    <ClInclude Include="..\..\..\dragonbones\animation\AnimationState.h">
      <Filter>DragonBones\animation</Filter>
    </ClInclude>
    <ClInclude Include="..\..\..\dragonbones\animation\IAnimatable.h">
      <Filter>DragonBones\animation</Filter>
    </ClInclude>
    <ClInclude Include="..\..\..\dragonbones\animation\TimelineState.h">
      <Filter>DragonBones\animation</Filter>
    </ClInclude>
    <ClInclude Include="..\..\..\dragonbones\core\DBObject.h">
      <Filter>DragonBones\core</Filter>
    </ClInclude>
    <ClInclude Include="..\..\..\dragonbones\core\DragonBones.h">
      <Filter>DragonBones\core</Filter>
    </ClInclude>
    <ClInclude Include="..\..\..\dragonbones\display\IDisplayBridge.h">
      <Filter>DragonBones\display</Filter>
    </ClInclude>
    <ClInclude Include="..\..\..\dragonbones\events\AnimationEvent.h">
      <Filter>DragonBones\events</Filter>
    </ClInclude>
    <ClInclude Include="..\..\..\dragonbones\events\ArmatureEvent.h">
      <Filter>DragonBones\events</Filter>
    </ClInclude>
    <ClInclude Include="..\..\..\dragonbones\events\Event.h">
      <Filter>DragonBones\events</Filter>
    </ClInclude>
    <ClInclude Include="..\..\..\dragonbones\events\FrameEvent.h">
      <Filter>DragonBones\events</Filter>
    </ClInclude>
    <ClInclude Include="..\..\..\dragonbones\events\SoundEvent.h">
      <Filter>DragonBones\events</Filter>
    </ClInclude>
    <ClInclude Include="..\..\..\dragonbones\events\SoundEventManager.h">
      <Filter>DragonBones\events</Filter>
    </ClInclude>
    <ClInclude Include="..\..\..\dragonbones\factorys\BaseFactory.h">
      <Filter>DragonBones\factorys</Filter>
    </ClInclude>
    <ClInclude Include="..\..\..\dragonbones\objects\AnimationData.h">
      <Filter>DragonBones\objects</Filter>
    </ClInclude>
    <ClInclude Include="..\..\..\dragonbones\objects\ArmatureData.h">
      <Filter>DragonBones\objects</Filter>
    </ClInclude>
    <ClInclude Include="..\..\..\dragonbones\objects\BoneData.h">
      <Filter>DragonBones\objects</Filter>
    </ClInclude>
    <ClInclude Include="..\..\..\dragonbones\objects\dbtinyxml2.h">
      <Filter>DragonBones\objects</Filter>
    </ClInclude>
    <ClInclude Include="..\..\..\dragonbones\objects\DBTransform.h">
      <Filter>DragonBones\objects</Filter>
    </ClInclude>
    <ClInclude Include="..\..\..\dragonbones\objects\DisplayData.h">
      <Filter>DragonBones\objects</Filter>
    </ClInclude>
    <ClInclude Include="..\..\..\dragonbones\objects\Frame.h">
      <Filter>DragonBones\objects</Filter>
    </ClInclude>
    <ClInclude Include="..\..\..\dragonbones\objects\SkeletonData.h">
      <Filter>DragonBones\objects</Filter>
    </ClInclude>
    <ClInclude Include="..\..\..\dragonbones\objects\SkinData.h">
      <Filter>DragonBones\objects</Filter>
    </ClInclude>
    <ClInclude Include="..\..\..\dragonbones\objects\SlotData.h">
      <Filter>DragonBones\objects</Filter>
    </ClInclude>
    <ClInclude Include="..\..\..\dragonbones\objects\TextureAtlasData.h">
      <Filter>DragonBones\objects</Filter>
    </ClInclude>
    <ClInclude Include="..\..\..\dragonbones\objects\Timeline.h">
      <Filter>DragonBones\objects</Filter>
    </ClInclude>
    <ClInclude Include="..\..\..\dragonbones\objects\TransformFrame.h">
      <Filter>DragonBones\objects</Filter>
    </ClInclude>
    <ClInclude Include="..\..\..\dragonbones\objects\TransformTimeline.h">
      <Filter>DragonBones\objects</Filter>
    </ClInclude>
    <ClInclude Include="..\..\..\dragonbones\objects\XMLDataParser.h">
      <Filter>DragonBones\objects</Filter>
    </ClInclude>
    <ClInclude Include="..\..\..\dragonbones\textures\ITextureAtlas.h">
      <Filter>DragonBones\textures</Filter>
    </ClInclude>
    <ClInclude Include="..\..\..\dragonbones\utils\BytesType.h">
      <Filter>DragonBones\utils</Filter>
    </ClInclude>
    <ClInclude Include="..\..\..\dragonbones\utils\checkBytesTailisXML.h">
      <Filter>DragonBones\utils</Filter>
    </ClInclude>
    <ClInclude Include="..\..\..\dragonbones\utils\ColorTransform.h">
      <Filter>DragonBones\utils</Filter>
    </ClInclude>
    <ClInclude Include="..\..\..\dragonbones\utils\ConstValues.h">
      <Filter>DragonBones\utils</Filter>
    </ClInclude>
    <ClInclude Include="..\..\..\dragonbones\utils\DBDataUtil.h">
      <Filter>DragonBones\utils</Filter>
    </ClInclude>
    <ClInclude Include="..\..\..\dragonbones\utils\Matrix.h">
      <Filter>DragonBones\utils</Filter>
    </ClInclude>
    <ClInclude Include="..\..\..\dragonbones\utils\Point.h">
      <Filter>DragonBones\utils</Filter>
    </ClInclude>
    <ClInclude Include="..\..\..\dragonbones\utils\preDB.h">
      <Filter>DragonBones\utils</Filter>
    </ClInclude>
    <ClInclude Include="..\..\..\dragonbones\utils\Rectangle.h">
      <Filter>DragonBones\utils</Filter>
    </ClInclude>
    <ClInclude Include="..\..\..\dragonbones\utils\TransformUtil.h">
      <Filter>DragonBones\utils</Filter>
    </ClInclude>
    <ClInclude Include="..\..\..\dragonbones\Armature.h">
      <Filter>DragonBones</Filter>
    </ClInclude>
    <ClInclude Include="..\..\..\dragonbones\Bone.h">
      <Filter>DragonBones</Filter>
    </ClInclude>
    <ClInclude Include="..\..\..\dragonbones\DragonBonesHeaders.h">
      <Filter>DragonBones</Filter>
    </ClInclude>
    <ClInclude Include="..\..\..\dragonbones\Slot.h">
      <Filter>DragonBones</Filter>
    </ClInclude>
  </ItemGroup>
</Project>