<?xml version="1.0" encoding="utf-8"?>
<Project ToolsVersion="4.0" xmlns="http://schemas.microsoft.com/developer/msbuild/2003">
  <ItemGroup>
    <Filter Include="win32">
      <UniqueIdentifier>{84a8ebd7-7cf0-47f6-b75e-d441df67da40}</UniqueIdentifier>
    </Filter>
    <Filter Include="Classes">
      <UniqueIdentifier>{bb6c862e-70e9-49d9-81b7-3829a6f50471}</UniqueIdentifier>
    </Filter>
    <Filter Include="resource">
      <UniqueIdentifier>{715254bc-d70b-4ec5-bf29-467dd3ace079}</UniqueIdentifier>
    </Filter>
    <Filter Include="dragonbones">
      <UniqueIdentifier>{3ac56247-5964-4085-b8ae-30ae60ed374c}</UniqueIdentifier>
    </Filter>
    <Filter Include="dragonbones\animation">
      <UniqueIdentifier>{fa12d409-c40d-44bd-9e49-84d4967dbf8f}</UniqueIdentifier>
    </Filter>
    <Filter Include="dragonbones\core">
      <UniqueIdentifier>{1fa86791-dc24-41ee-8498-fd7437631eb7}</UniqueIdentifier>
    </Filter>
    <Filter Include="dragonbones\events">
      <UniqueIdentifier>{961a0e68-2eac-4a8c-aa20-f74fcf8dd012}</UniqueIdentifier>
    </Filter>
    <Filter Include="dragonbones\factories">
      <UniqueIdentifier>{9b68c8ce-2323-4590-bbdf-59b47ba54061}</UniqueIdentifier>
    </Filter>
    <Filter Include="dragonbones\geoms">
      <UniqueIdentifier>{cc55d410-82d8-4091-a0fe-892117ce1ad2}</UniqueIdentifier>
    </Filter>
    <Filter Include="dragonbones\renderer">
      <UniqueIdentifier>{7abee922-3c29-4b9e-836f-1a91b3d4ca60}</UniqueIdentifier>
    </Filter>
    <Filter Include="dragonbones\textures">
      <UniqueIdentifier>{d99f1675-1dc4-47f1-b1fc-9cbecd85a858}</UniqueIdentifier>
    </Filter>
    <Filter Include="dragonbones\pasers">
      <UniqueIdentifier>{d4031ef2-326d-45aa-ad3d-0ad23b31d3fc}</UniqueIdentifier>
    </Filter>
    <Filter Include="dragonbones\objects">
      <UniqueIdentifier>{8757c680-aa6f-466c-8557-c346de7ace64}</UniqueIdentifier>
    </Filter>
    <Filter Include="Classes\examples">
      <UniqueIdentifier>{30c2ad4b-d614-45de-9636-41ae869d7aa1}</UniqueIdentifier>
    </Filter>
  </ItemGroup>
  <ItemGroup>
    <ClCompile Include="main.cpp">
      <Filter>win32</Filter>
    </ClCompile>
    <ClCompile Include="..\Classes\AppDelegate.cpp">
      <Filter>Classes</Filter>
    </ClCompile>
    <ClCompile Include="..\..\..\dragonbones\animation\Animation.cpp">
      <Filter>dragonbones\animation</Filter>
    </ClCompile>
    <ClCompile Include="..\..\..\dragonbones\animation\AnimationState.cpp">
      <Filter>dragonbones\animation</Filter>
    </ClCompile>
    <ClCompile Include="..\..\..\dragonbones\animation\TimelineState.cpp">
      <Filter>dragonbones\animation</Filter>
    </ClCompile>
    <ClCompile Include="..\..\..\dragonbones\animation\WorldClock.cpp">
      <Filter>dragonbones\animation</Filter>
    </ClCompile>
    <ClCompile Include="..\..\..\dragonbones\core\Armature.cpp">
      <Filter>dragonbones\core</Filter>
    </ClCompile>
    <ClCompile Include="..\..\..\dragonbones\core\Bone.cpp">
      <Filter>dragonbones\core</Filter>
    </ClCompile>
    <ClCompile Include="..\..\..\dragonbones\core\Object.cpp">
      <Filter>dragonbones\core</Filter>
    </ClCompile>
    <ClCompile Include="..\..\..\dragonbones\core\Slot.cpp">
      <Filter>dragonbones\core</Filter>
    </ClCompile>
    <ClCompile Include="..\..\..\dragonbones\events\EventData.cpp">
      <Filter>dragonbones\events</Filter>
    </ClCompile>
    <ClCompile Include="..\..\..\dragonbones\factories\BaseFactory.cpp">
      <Filter>dragonbones\factories</Filter>
    </ClCompile>
    <ClCompile Include="..\..\..\dragonbones\parsers\BaseDataParser.cpp">
      <Filter>dragonbones\pasers</Filter>
    </ClCompile>
    <ClCompile Include="..\..\..\dragonbones\parsers\ConstValues.cpp">
      <Filter>dragonbones\pasers</Filter>
    </ClCompile>
    <ClCompile Include="..\..\..\dragonbones\parsers\dbtinyxml2.cpp">
      <Filter>dragonbones\pasers</Filter>
    </ClCompile>
    <ClCompile Include="..\..\..\dragonbones\parsers\XMLDataParser.cpp">
      <Filter>dragonbones\pasers</Filter>
    </ClCompile>
    <ClCompile Include="..\..\..\renderer\cocos2d-x-3.x\DBCCArmature.cpp">
      <Filter>dragonbones\renderer</Filter>
    </ClCompile>
    <ClCompile Include="..\..\..\renderer\cocos2d-x-3.x\DBCCArmatureNode.cpp">
      <Filter>dragonbones\renderer</Filter>
    </ClCompile>
    <ClCompile Include="..\..\..\renderer\cocos2d-x-3.x\DBCCFactory.cpp">
      <Filter>dragonbones\renderer</Filter>
    </ClCompile>
    <ClCompile Include="..\..\..\renderer\cocos2d-x-3.x\DBCCSlot.cpp">
      <Filter>dragonbones\renderer</Filter>
    </ClCompile>
    <ClCompile Include="..\Classes\VisibleRect.cpp">
      <Filter>Classes</Filter>
    </ClCompile>
    <ClCompile Include="..\Classes\examples\DemoBase.cpp">
      <Filter>Classes\examples</Filter>
    </ClCompile>
    <ClCompile Include="..\Classes\examples\DemoDragonBoy.cpp">
      <Filter>Classes\examples</Filter>
    </ClCompile>
    <ClCompile Include="..\Classes\examples\DemoKnight.cpp">
      <Filter>Classes\examples</Filter>
    </ClCompile>
  </ItemGroup>
  <ItemGroup>
    <ClInclude Include="main.h">
      <Filter>win32</Filter>
    </ClInclude>
    <ClInclude Include="..\Classes\AppDelegate.h">
      <Filter>Classes</Filter>
    </ClInclude>
    <ClInclude Include="..\..\..\dragonbones\animation\Animation.h">
      <Filter>dragonbones\animation</Filter>
    </ClInclude>
    <ClInclude Include="..\..\..\dragonbones\animation\AnimationState.h">
      <Filter>dragonbones\animation</Filter>
    </ClInclude>
    <ClInclude Include="..\..\..\dragonbones\animation\IAnimatable.h">
      <Filter>dragonbones\animation</Filter>
    </ClInclude>
    <ClInclude Include="..\..\..\dragonbones\animation\TimelineState.h">
      <Filter>dragonbones\animation</Filter>
    </ClInclude>
    <ClInclude Include="..\..\..\dragonbones\animation\WorldClock.h">
      <Filter>dragonbones\animation</Filter>
    </ClInclude>
    <ClInclude Include="..\..\..\dragonbones\core\Armature.h">
      <Filter>dragonbones\core</Filter>
    </ClInclude>
    <ClInclude Include="..\..\..\dragonbones\core\Bone.h">
      <Filter>dragonbones\core</Filter>
    </ClInclude>
    <ClInclude Include="..\..\..\dragonbones\core\Object.h">
      <Filter>dragonbones\core</Filter>
    </ClInclude>
    <ClInclude Include="..\..\..\dragonbones\core\Slot.h">
      <Filter>dragonbones\core</Filter>
    </ClInclude>
    <ClInclude Include="..\..\..\dragonbones\events\EventData.h">
      <Filter>dragonbones\events</Filter>
    </ClInclude>
    <ClInclude Include="..\..\..\dragonbones\events\IEventDispatcher.h">
      <Filter>dragonbones\events</Filter>
    </ClInclude>
    <ClInclude Include="..\..\..\dragonbones\factories\BaseFactory.h">
      <Filter>dragonbones\factories</Filter>
    </ClInclude>
    <ClInclude Include="..\..\..\dragonbones\geoms\ColorTransform.h">
      <Filter>dragonbones\geoms</Filter>
    </ClInclude>
    <ClInclude Include="..\..\..\dragonbones\geoms\Matrix.h">
      <Filter>dragonbones\geoms</Filter>
    </ClInclude>
    <ClInclude Include="..\..\..\dragonbones\geoms\Point.h">
      <Filter>dragonbones\geoms</Filter>
    </ClInclude>
    <ClInclude Include="..\..\..\dragonbones\geoms\Rectangle.h">
      <Filter>dragonbones\geoms</Filter>
    </ClInclude>
    <ClInclude Include="..\..\..\dragonbones\geoms\Transform.h">
      <Filter>dragonbones\geoms</Filter>
    </ClInclude>
    <ClInclude Include="..\..\..\dragonbones\objects\AnimationData.h">
      <Filter>dragonbones\objects</Filter>
    </ClInclude>
    <ClInclude Include="..\..\..\dragonbones\objects\ArmatureData.h">
      <Filter>dragonbones\objects</Filter>
    </ClInclude>
    <ClInclude Include="..\..\..\dragonbones\objects\BoneData.h">
      <Filter>dragonbones\objects</Filter>
    </ClInclude>
    <ClInclude Include="..\..\..\dragonbones\objects\DisplayData.h">
      <Filter>dragonbones\objects</Filter>
    </ClInclude>
    <ClInclude Include="..\..\..\dragonbones\objects\DragonBonesData.h">
      <Filter>dragonbones\objects</Filter>
    </ClInclude>
    <ClInclude Include="..\..\..\dragonbones\objects\EllipseData.h">
      <Filter>dragonbones\objects</Filter>
    </ClInclude>
    <ClInclude Include="..\..\..\dragonbones\objects\Frame.h">
      <Filter>dragonbones\objects</Filter>
    </ClInclude>
    <ClInclude Include="..\..\..\dragonbones\objects\IAreaData.h">
      <Filter>dragonbones\objects</Filter>
    </ClInclude>
    <ClInclude Include="..\..\..\dragonbones\objects\RectangleData.h">
      <Filter>dragonbones\objects</Filter>
    </ClInclude>
    <ClInclude Include="..\..\..\dragonbones\objects\SkinData.h">
      <Filter>dragonbones\objects</Filter>
    </ClInclude>
    <ClInclude Include="..\..\..\dragonbones\objects\SlotData.h">
      <Filter>dragonbones\objects</Filter>
    </ClInclude>
    <ClInclude Include="..\..\..\dragonbones\objects\Timeline.h">
      <Filter>dragonbones\objects</Filter>
    </ClInclude>
    <ClInclude Include="..\..\..\dragonbones\objects\TransformFrame.h">
      <Filter>dragonbones\objects</Filter>
    </ClInclude>
    <ClInclude Include="..\..\..\dragonbones\objects\TransformTimeline.h">
      <Filter>dragonbones\objects</Filter>
    </ClInclude>
    <ClInclude Include="..\..\..\dragonbones\parsers\BaseDataParser.h">
      <Filter>dragonbones\pasers</Filter>
    </ClInclude>
    <ClInclude Include="..\..\..\dragonbones\parsers\ConstValues.h">
      <Filter>dragonbones\pasers</Filter>
    </ClInclude>
    <ClInclude Include="..\..\..\dragonbones\parsers\dbtinyxml2.h">
      <Filter>dragonbones\pasers</Filter>
    </ClInclude>
    <ClInclude Include="..\..\..\dragonbones\parsers\XMLDataParser.h">
      <Filter>dragonbones\pasers</Filter>
    </ClInclude>
    <ClInclude Include="..\..\..\dragonbones\textures\ITextureAtlas.h">
      <Filter>dragonbones\textures</Filter>
    </ClInclude>
    <ClInclude Include="..\..\..\dragonbones\textures\TextureAtlasData.h">
      <Filter>dragonbones\textures</Filter>
    </ClInclude>
    <ClInclude Include="..\..\..\dragonbones\textures\TextureData.h">
      <Filter>dragonbones\textures</Filter>
    </ClInclude>
    <ClInclude Include="..\..\..\renderer\cocos2d-x-3.x\DBCCArmature.h">
      <Filter>dragonbones\renderer</Filter>
    </ClInclude>
    <ClInclude Include="..\..\..\renderer\cocos2d-x-3.x\DBCCArmatureNode.h">
      <Filter>dragonbones\renderer</Filter>
    </ClInclude>
    <ClInclude Include="..\..\..\renderer\cocos2d-x-3.x\DBCCEventDispatcher.h">
      <Filter>dragonbones\renderer</Filter>
    </ClInclude>
    <ClInclude Include="..\..\..\renderer\cocos2d-x-3.x\DBCCFactory.h">
      <Filter>dragonbones\renderer</Filter>
    </ClInclude>
    <ClInclude Include="..\..\..\renderer\cocos2d-x-3.x\DBCCRenderHeaders.h">
      <Filter>dragonbones\renderer</Filter>
    </ClInclude>
    <ClInclude Include="..\..\..\renderer\cocos2d-x-3.x\DBCCSlot.h">
      <Filter>dragonbones\renderer</Filter>
    </ClInclude>
    <ClInclude Include="..\..\..\renderer\cocos2d-x-3.x\DBCCTextureAtlas.h">
      <Filter>dragonbones\renderer</Filter>
    </ClInclude>
    <ClInclude Include="..\..\..\dragonbones\DragonBones.h">
      <Filter>dragonbones</Filter>
    </ClInclude>
    <ClInclude Include="..\..\..\dragonbones\DragonBonesHeaders.h">
      <Filter>dragonbones</Filter>
    </ClInclude>
    <ClInclude Include="..\Classes\VisibleRect.h">
      <Filter>Classes</Filter>
    </ClInclude>
    <ClInclude Include="..\Classes\examples\DemoBase.h">
      <Filter>Classes\examples</Filter>
    </ClInclude>
    <ClInclude Include="..\Classes\examples\DemoDragonBoy.h">
      <Filter>Classes\examples</Filter>
    </ClInclude>
    <ClInclude Include="..\Classes\examples\DemoKnight.h">
      <Filter>Classes\examples</Filter>
    </ClInclude>
  </ItemGroup>
  <ItemGroup>
    <ResourceCompile Include="game.rc">
      <Filter>resource</Filter>
    </ResourceCompile>
  </ItemGroup>
</Project>